// !$*UTF8*$!
{
	archiveVersion = 1;
	classes = {
	};
	objectVersion = 56;
	objects = {

/* Begin PBXBuildFile section */
		EA19EAEA29CCA56E0005F4C0 /* AppDelegate.swift in Sources */ = {isa = PBXBuildFile; fileRef = EA19EAE929CCA56E0005F4C0 /* AppDelegate.swift */; };
		EA19EAEC29CCA56E0005F4C0 /* SceneDelegate.swift in Sources */ = {isa = PBXBuildFile; fileRef = EA19EAEB29CCA56E0005F4C0 /* SceneDelegate.swift */; };
		EA19EAEE29CCA56E0005F4C0 /* PokemonListViewController.swift in Sources */ = {isa = PBXBuildFile; fileRef = EA19EAED29CCA56E0005F4C0 /* PokemonListViewController.swift */; };
		EA19EAF329CCA5700005F4C0 /* Assets.xcassets in Resources */ = {isa = PBXBuildFile; fileRef = EA19EAF229CCA5700005F4C0 /* Assets.xcassets */; };
		EA19EAF629CCA5700005F4C0 /* LaunchScreen.storyboard in Resources */ = {isa = PBXBuildFile; fileRef = EA19EAF429CCA5700005F4C0 /* LaunchScreen.storyboard */; };
		EA19EB0429CCA61B0005F4C0 /* PokemonDetailViewController.swift in Sources */ = {isa = PBXBuildFile; fileRef = EA19EB0329CCA61B0005F4C0 /* PokemonDetailViewController.swift */; };
		EA19EB0629CCA66B0005F4C0 /* Pokemon.swift in Sources */ = {isa = PBXBuildFile; fileRef = EA19EB0529CCA66B0005F4C0 /* Pokemon.swift */; };
		EA19EB0829CCA6760005F4C0 /* PokemonDetail.swift in Sources */ = {isa = PBXBuildFile; fileRef = EA19EB0729CCA6760005F4C0 /* PokemonDetail.swift */; };
		EA19EB0A29CCA6810005F4C0 /* GetAllPokemons.swift in Sources */ = {isa = PBXBuildFile; fileRef = EA19EB0929CCA6810005F4C0 /* GetAllPokemons.swift */; };
		EA19EB0C29CCA6C60005F4C0 /* PokemonListViewViewModel.swift in Sources */ = {isa = PBXBuildFile; fileRef = EA19EB0B29CCA6C60005F4C0 /* PokemonListViewViewModel.swift */; };
		EA19EB0E29CCA6D60005F4C0 /* PokemonDetailViewViewModel.swift in Sources */ = {isa = PBXBuildFile; fileRef = EA19EB0D29CCA6D60005F4C0 /* PokemonDetailViewViewModel.swift */; };
		EA19EB1029CCA7060005F4C0 /* PokemonListViewCell.swift in Sources */ = {isa = PBXBuildFile; fileRef = EA19EB0F29CCA7060005F4C0 /* PokemonListViewCell.swift */; };
		EA19EB1229CCA72D0005F4C0 /* Extension.swift in Sources */ = {isa = PBXBuildFile; fileRef = EA19EB1129CCA72D0005F4C0 /* Extension.swift */; };
		EA19EB1429CCA76D0005F4C0 /* Service.swift in Sources */ = {isa = PBXBuildFile; fileRef = EA19EB1329CCA76D0005F4C0 /* Service.swift */; };
		EA19EB1629CCA7760005F4C0 /* PokeRequest.swift in Sources */ = {isa = PBXBuildFile; fileRef = EA19EB1529CCA7760005F4C0 /* PokeRequest.swift */; };
		EA19EB1829CCA78C0005F4C0 /* PokemonListViewService.swift in Sources */ = {isa = PBXBuildFile; fileRef = EA19EB1729CCA78C0005F4C0 /* PokemonListViewService.swift */; };
		EA19EB1A29CCA79D0005F4C0 /* PokemonDetailViewService.swift in Sources */ = {isa = PBXBuildFile; fileRef = EA19EB1929CCA79D0005F4C0 /* PokemonDetailViewService.swift */; };
/* End PBXBuildFile section */

/* Begin PBXFileReference section */
		EA19EAE629CCA56E0005F4C0 /* PokemonApp.app */ = {isa = PBXFileReference; explicitFileType = wrapper.application; includeInIndex = 0; path = PokemonApp.app; sourceTree = BUILT_PRODUCTS_DIR; };
		EA19EAE929CCA56E0005F4C0 /* AppDelegate.swift */ = {isa = PBXFileReference; lastKnownFileType = sourcecode.swift; path = AppDelegate.swift; sourceTree = "<group>"; };
		EA19EAEB29CCA56E0005F4C0 /* SceneDelegate.swift */ = {isa = PBXFileReference; lastKnownFileType = sourcecode.swift; path = SceneDelegate.swift; sourceTree = "<group>"; };
		EA19EAED29CCA56E0005F4C0 /* PokemonListViewController.swift */ = {isa = PBXFileReference; lastKnownFileType = sourcecode.swift; path = PokemonListViewController.swift; sourceTree = "<group>"; };
		EA19EAF229CCA5700005F4C0 /* Assets.xcassets */ = {isa = PBXFileReference; lastKnownFileType = folder.assetcatalog; path = Assets.xcassets; sourceTree = "<group>"; };
		EA19EAF529CCA5700005F4C0 /* Base */ = {isa = PBXFileReference; lastKnownFileType = file.storyboard; name = Base; path = Base.lproj/LaunchScreen.storyboard; sourceTree = "<group>"; };
		EA19EAF729CCA5700005F4C0 /* Info.plist */ = {isa = PBXFileReference; lastKnownFileType = text.plist.xml; path = Info.plist; sourceTree = "<group>"; };
		EA19EB0329CCA61B0005F4C0 /* PokemonDetailViewController.swift */ = {isa = PBXFileReference; lastKnownFileType = sourcecode.swift; path = PokemonDetailViewController.swift; sourceTree = "<group>"; };
		EA19EB0529CCA66B0005F4C0 /* Pokemon.swift */ = {isa = PBXFileReference; lastKnownFileType = sourcecode.swift; path = Pokemon.swift; sourceTree = "<group>"; };
		EA19EB0729CCA6760005F4C0 /* PokemonDetail.swift */ = {isa = PBXFileReference; lastKnownFileType = sourcecode.swift; path = PokemonDetail.swift; sourceTree = "<group>"; };
		EA19EB0929CCA6810005F4C0 /* GetAllPokemons.swift */ = {isa = PBXFileReference; lastKnownFileType = sourcecode.swift; path = GetAllPokemons.swift; sourceTree = "<group>"; };
		EA19EB0B29CCA6C60005F4C0 /* PokemonListViewViewModel.swift */ = {isa = PBXFileReference; lastKnownFileType = sourcecode.swift; path = PokemonListViewViewModel.swift; sourceTree = "<group>"; };
		EA19EB0D29CCA6D60005F4C0 /* PokemonDetailViewViewModel.swift */ = {isa = PBXFileReference; lastKnownFileType = sourcecode.swift; name = PokemonDetailViewViewModel.swift; path = ../../../../Downloads/PokemonDetailViewViewModel.swift; sourceTree = "<group>"; };
		EA19EB0F29CCA7060005F4C0 /* PokemonListViewCell.swift */ = {isa = PBXFileReference; lastKnownFileType = sourcecode.swift; path = PokemonListViewCell.swift; sourceTree = "<group>"; };
		EA19EB1129CCA72D0005F4C0 /* Extension.swift */ = {isa = PBXFileReference; lastKnownFileType = sourcecode.swift; path = Extension.swift; sourceTree = "<group>"; };
		EA19EB1329CCA76D0005F4C0 /* Service.swift */ = {isa = PBXFileReference; lastKnownFileType = sourcecode.swift; path = Service.swift; sourceTree = "<group>"; };
		EA19EB1529CCA7760005F4C0 /* PokeRequest.swift */ = {isa = PBXFileReference; lastKnownFileType = sourcecode.swift; path = PokeRequest.swift; sourceTree = "<group>"; };
		EA19EB1729CCA78C0005F4C0 /* PokemonListViewService.swift */ = {isa = PBXFileReference; lastKnownFileType = sourcecode.swift; path = PokemonListViewService.swift; sourceTree = "<group>"; };
		EA19EB1929CCA79D0005F4C0 /* PokemonDetailViewService.swift */ = {isa = PBXFileReference; lastKnownFileType = sourcecode.swift; path = PokemonDetailViewService.swift; sourceTree = "<group>"; };
/* End PBXFileReference section */

/* Begin PBXFrameworksBuildPhase section */
		EA19EAE329CCA56E0005F4C0 /* Frameworks */ = {
			isa = PBXFrameworksBuildPhase;
			buildActionMask = 2147483647;
			files = (
			);
			runOnlyForDeploymentPostprocessing = 0;
		};
/* End PBXFrameworksBuildPhase section */

/* Begin PBXGroup section */
		EA19EADD29CCA56E0005F4C0 = {
			isa = PBXGroup;
			children = (
				EA19EAE829CCA56E0005F4C0 /* PokemonApp */,
				EA19EAE729CCA56E0005F4C0 /* Products */,
			);
			sourceTree = "<group>";
		};
		EA19EAE729CCA56E0005F4C0 /* Products */ = {
			isa = PBXGroup;
			children = (
				EA19EAE629CCA56E0005F4C0 /* PokemonApp.app */,
			);
			name = Products;
			sourceTree = "<group>";
		};
		EA19EAE829CCA56E0005F4C0 /* PokemonApp */ = {
			isa = PBXGroup;
			children = (
				EA19EB0229CCA5DF0005F4C0 /* API */,
				EA19EB0129CCA5C60005F4C0 /* Resource */,
				EA19EB0029CCA5B10005F4C0 /* Model */,
				EA19EAFF29CCA59A0005F4C0 /* View */,
				EA19EAFE29CCA5920005F4C0 /* ViewModel */,
				EA19EAFD29CCA5890005F4C0 /* Controller */,
				EA19EAF729CCA5700005F4C0 /* Info.plist */,
			);
			path = PokemonApp;
			sourceTree = "<group>";
		};
		EA19EAFD29CCA5890005F4C0 /* Controller */ = {
			isa = PBXGroup;
			children = (
				EA19EAED29CCA56E0005F4C0 /* PokemonListViewController.swift */,
				EA19EB0329CCA61B0005F4C0 /* PokemonDetailViewController.swift */,
			);
			path = Controller;
			sourceTree = "<group>";
		};
		EA19EAFE29CCA5920005F4C0 /* ViewModel */ = {
			isa = PBXGroup;
			children = (
				EA19EB0B29CCA6C60005F4C0 /* PokemonListViewViewModel.swift */,
				EA19EB0D29CCA6D60005F4C0 /* PokemonDetailViewViewModel.swift */,
			);
			path = ViewModel;
			sourceTree = "<group>";
		};
		EA19EAFF29CCA59A0005F4C0 /* View */ = {
			isa = PBXGroup;
			children = (
				EA19EB0F29CCA7060005F4C0 /* PokemonListViewCell.swift */,
			);
			path = View;
			sourceTree = "<group>";
		};
		EA19EB0029CCA5B10005F4C0 /* Model */ = {
			isa = PBXGroup;
			children = (
				EA19EB0529CCA66B0005F4C0 /* Pokemon.swift */,
				EA19EB0729CCA6760005F4C0 /* PokemonDetail.swift */,
				EA19EB0929CCA6810005F4C0 /* GetAllPokemons.swift */,
			);
			path = Model;
			sourceTree = "<group>";
		};
		EA19EB0129CCA5C60005F4C0 /* Resource */ = {
			isa = PBXGroup;
			children = (
				EA19EAE929CCA56E0005F4C0 /* AppDelegate.swift */,
				EA19EAEB29CCA56E0005F4C0 /* SceneDelegate.swift */,
				EA19EAF229CCA5700005F4C0 /* Assets.xcassets */,
				EA19EAF429CCA5700005F4C0 /* LaunchScreen.storyboard */,
				EA19EB1129CCA72D0005F4C0 /* Extension.swift */,
			);
			path = Resource;
			sourceTree = "<group>";
		};
		EA19EB0229CCA5DF0005F4C0 /* API */ = {
			isa = PBXGroup;
			children = (
				EA19EB1329CCA76D0005F4C0 /* Service.swift */,
				EA19EB1529CCA7760005F4C0 /* PokeRequest.swift */,
				EA19EB1729CCA78C0005F4C0 /* PokemonListViewService.swift */,
				EA19EB1929CCA79D0005F4C0 /* PokemonDetailViewService.swift */,
			);
			path = API;
			sourceTree = "<group>";
		};
/* End PBXGroup section */

/* Begin PBXNativeTarget section */
		EA19EAE529CCA56E0005F4C0 /* PokemonApp */ = {
			isa = PBXNativeTarget;
			buildConfigurationList = EA19EAFA29CCA5700005F4C0 /* Build configuration list for PBXNativeTarget "PokemonApp" */;
			buildPhases = (
				EA19EAE229CCA56E0005F4C0 /* Sources */,
				EA19EAE329CCA56E0005F4C0 /* Frameworks */,
				EA19EAE429CCA56E0005F4C0 /* Resources */,
			);
			buildRules = (
			);
			dependencies = (
			);
			name = PokemonApp;
			productName = PokemonApp;
			productReference = EA19EAE629CCA56E0005F4C0 /* PokemonApp.app */;
			productType = "com.apple.product-type.application";
		};
/* End PBXNativeTarget section */

/* Begin PBXProject section */
		EA19EADE29CCA56E0005F4C0 /* Project object */ = {
			isa = PBXProject;
			attributes = {
				BuildIndependentTargetsInParallel = 1;
				LastSwiftUpdateCheck = 1420;
				LastUpgradeCheck = 1420;
				TargetAttributes = {
					EA19EAE529CCA56E0005F4C0 = {
						CreatedOnToolsVersion = 14.2;
					};
				};
			};
			buildConfigurationList = EA19EAE129CCA56E0005F4C0 /* Build configuration list for PBXProject "PokemonApp" */;
			compatibilityVersion = "Xcode 14.0";
			developmentRegion = en;
			hasScannedForEncodings = 0;
			knownRegions = (
				en,
				Base,
			);
			mainGroup = EA19EADD29CCA56E0005F4C0;
			productRefGroup = EA19EAE729CCA56E0005F4C0 /* Products */;
			projectDirPath = "";
			projectRoot = "";
			targets = (
				EA19EAE529CCA56E0005F4C0 /* PokemonApp */,
			);
		};
/* End PBXProject section */

/* Begin PBXResourcesBuildPhase section */
		EA19EAE429CCA56E0005F4C0 /* Resources */ = {
			isa = PBXResourcesBuildPhase;
			buildActionMask = 2147483647;
			files = (
				EA19EAF629CCA5700005F4C0 /* LaunchScreen.storyboard in Resources */,
				EA19EAF329CCA5700005F4C0 /* Assets.xcassets in Resources */,
			);
			runOnlyForDeploymentPostprocessing = 0;
		};
/* End PBXResourcesBuildPhase section */

/* Begin PBXSourcesBuildPhase section */
		EA19EAE229CCA56E0005F4C0 /* Sources */ = {
			isa = PBXSourcesBuildPhase;
			buildActionMask = 2147483647;
			files = (
				EA19EB0629CCA66B0005F4C0 /* Pokemon.swift in Sources */,
				EA19EAEE29CCA56E0005F4C0 /* PokemonListViewController.swift in Sources */,
				EA19EB0429CCA61B0005F4C0 /* PokemonDetailViewController.swift in Sources */,
				EA19EB0A29CCA6810005F4C0 /* GetAllPokemons.swift in Sources */,
				EA19EAEA29CCA56E0005F4C0 /* AppDelegate.swift in Sources */,
				EA19EB1429CCA76D0005F4C0 /* Service.swift in Sources */,
				EA19EB1629CCA7760005F4C0 /* PokeRequest.swift in Sources */,
				EA19EB0C29CCA6C60005F4C0 /* PokemonListViewViewModel.swift in Sources */,
				EA19EB1A29CCA79D0005F4C0 /* PokemonDetailViewService.swift in Sources */,
				EA19EB1829CCA78C0005F4C0 /* PokemonListViewService.swift in Sources */,
				EA19EB0829CCA6760005F4C0 /* PokemonDetail.swift in Sources */,
				EA19EB0E29CCA6D60005F4C0 /* PokemonDetailViewViewModel.swift in Sources */,
				EA19EB1029CCA7060005F4C0 /* PokemonListViewCell.swift in Sources */,
				EA19EB1229CCA72D0005F4C0 /* Extension.swift in Sources */,
				EA19EAEC29CCA56E0005F4C0 /* SceneDelegate.swift in Sources */,
			);
			runOnlyForDeploymentPostprocessing = 0;
		};
/* End PBXSourcesBuildPhase section */

/* Begin PBXVariantGroup section */
		EA19EAF429CCA5700005F4C0 /* LaunchScreen.storyboard */ = {
			isa = PBXVariantGroup;
			children = (
				EA19EAF529CCA5700005F4C0 /* Base */,
			);
			name = LaunchScreen.storyboard;
			sourceTree = "<group>";
		};
/* End PBXVariantGroup section */

/* Begin XCBuildConfiguration section */
		EA19EAF829CCA5700005F4C0 /* Debug */ = {
			isa = XCBuildConfiguration;
			buildSettings = {
				ALWAYS_SEARCH_USER_PATHS = NO;
				CLANG_ANALYZER_NONNULL = YES;
				CLANG_ANALYZER_NUMBER_OBJECT_CONVERSION = YES_AGGRESSIVE;
				CLANG_CXX_LANGUAGE_STANDARD = "gnu++20";
				CLANG_ENABLE_MODULES = YES;
				CLANG_ENABLE_OBJC_ARC = YES;
				CLANG_ENABLE_OBJC_WEAK = YES;
				CLANG_WARN_BLOCK_CAPTURE_AUTORELEASING = YES;
				CLANG_WARN_BOOL_CONVERSION = YES;
				CLANG_WARN_COMMA = YES;
				CLANG_WARN_CONSTANT_CONVERSION = YES;
				CLANG_WARN_DEPRECATED_OBJC_IMPLEMENTATIONS = YES;
				CLANG_WARN_DIRECT_OBJC_ISA_USAGE = YES_ERROR;
				CLANG_WARN_DOCUMENTATION_COMMENTS = YES;
				CLANG_WARN_EMPTY_BODY = YES;
				CLANG_WARN_ENUM_CONVERSION = YES;
				CLANG_WARN_INFINITE_RECURSION = YES;
				CLANG_WARN_INT_CONVERSION = YES;
				CLANG_WARN_NON_LITERAL_NULL_CONVERSION = YES;
				CLANG_WARN_OBJC_IMPLICIT_RETAIN_SELF = YES;
				CLANG_WARN_OBJC_LITERAL_CONVERSION = YES;
				CLANG_WARN_OBJC_ROOT_CLASS = YES_ERROR;
				CLANG_WARN_QUOTED_INCLUDE_IN_FRAMEWORK_HEADER = YES;
				CLANG_WARN_RANGE_LOOP_ANALYSIS = YES;
				CLANG_WARN_STRICT_PROTOTYPES = YES;
				CLANG_WARN_SUSPICIOUS_MOVE = YES;
				CLANG_WARN_UNGUARDED_AVAILABILITY = YES_AGGRESSIVE;
				CLANG_WARN_UNREACHABLE_CODE = YES;
				CLANG_WARN__DUPLICATE_METHOD_MATCH = YES;
				COPY_PHASE_STRIP = NO;
				DEBUG_INFORMATION_FORMAT = dwarf;
				ENABLE_STRICT_OBJC_MSGSEND = YES;
				ENABLE_TESTABILITY = YES;
				GCC_C_LANGUAGE_STANDARD = gnu11;
				GCC_DYNAMIC_NO_PIC = NO;
				GCC_NO_COMMON_BLOCKS = YES;
				GCC_OPTIMIZATION_LEVEL = 0;
				GCC_PREPROCESSOR_DEFINITIONS = (
					"DEBUG=1",
					"$(inherited)",
				);
				GCC_WARN_64_TO_32_BIT_CONVERSION = YES;
				GCC_WARN_ABOUT_RETURN_TYPE = YES_ERROR;
				GCC_WARN_UNDECLARED_SELECTOR = YES;
				GCC_WARN_UNINITIALIZED_AUTOS = YES_AGGRESSIVE;
				GCC_WARN_UNUSED_FUNCTION = YES;
				GCC_WARN_UNUSED_VARIABLE = YES;
				IPHONEOS_DEPLOYMENT_TARGET = 16.2;
				MTL_ENABLE_DEBUG_INFO = INCLUDE_SOURCE;
				MTL_FAST_MATH = YES;
				ONLY_ACTIVE_ARCH = YES;
				SDKROOT = iphoneos;
				SWIFT_ACTIVE_COMPILATION_CONDITIONS = DEBUG;
				SWIFT_OPTIMIZATION_LEVEL = "-Onone";
			};
			name = Debug;
		};
		EA19EAF929CCA5700005F4C0 /* Release */ = {
			isa = XCBuildConfiguration;
			buildSettings = {
				ALWAYS_SEARCH_USER_PATHS = NO;
				CLANG_ANALYZER_NONNULL = YES;
				CLANG_ANALYZER_NUMBER_OBJECT_CONVERSION = YES_AGGRESSIVE;
				CLANG_CXX_LANGUAGE_STANDARD = "gnu++20";
				CLANG_ENABLE_MODULES = YES;
				CLANG_ENABLE_OBJC_ARC = YES;
				CLANG_ENABLE_OBJC_WEAK = YES;
				CLANG_WARN_BLOCK_CAPTURE_AUTORELEASING = YES;
				CLANG_WARN_BOOL_CONVERSION = YES;
				CLANG_WARN_COMMA = YES;
				CLANG_WARN_CONSTANT_CONVERSION = YES;
				CLANG_WARN_DEPRECATED_OBJC_IMPLEMENTATIONS = YES;
				CLANG_WARN_DIRECT_OBJC_ISA_USAGE = YES_ERROR;
				CLANG_WARN_DOCUMENTATION_COMMENTS = YES;
				CLANG_WARN_EMPTY_BODY = YES;
				CLANG_WARN_ENUM_CONVERSION = YES;
				CLANG_WARN_INFINITE_RECURSION = YES;
				CLANG_WARN_INT_CONVERSION = YES;
				CLANG_WARN_NON_LITERAL_NULL_CONVERSION = YES;
				CLANG_WARN_OBJC_IMPLICIT_RETAIN_SELF = YES;
				CLANG_WARN_OBJC_LITERAL_CONVERSION = YES;
				CLANG_WARN_OBJC_ROOT_CLASS = YES_ERROR;
				CLANG_WARN_QUOTED_INCLUDE_IN_FRAMEWORK_HEADER = YES;
				CLANG_WARN_RANGE_LOOP_ANALYSIS = YES;
				CLANG_WARN_STRICT_PROTOTYPES = YES;
				CLANG_WARN_SUSPICIOUS_MOVE = YES;
				CLANG_WARN_UNGUARDED_AVAILABILITY = YES_AGGRESSIVE;
				CLANG_WARN_UNREACHABLE_CODE = YES;
				CLANG_WARN__DUPLICATE_METHOD_MATCH = YES;
				COPY_PHASE_STRIP = NO;
				DEBUG_INFORMATION_FORMAT = "dwarf-with-dsym";
				ENABLE_NS_ASSERTIONS = NO;
				ENABLE_STRICT_OBJC_MSGSEND = YES;
				GCC_C_LANGUAGE_STANDARD = gnu11;
				GCC_NO_COMMON_BLOCKS = YES;
				GCC_WARN_64_TO_32_BIT_CONVERSION = YES;
				GCC_WARN_ABOUT_RETURN_TYPE = YES_ERROR;
				GCC_WARN_UNDECLARED_SELECTOR = YES;
				GCC_WARN_UNINITIALIZED_AUTOS = YES_AGGRESSIVE;
				GCC_WARN_UNUSED_FUNCTION = YES;
				GCC_WARN_UNUSED_VARIABLE = YES;
				IPHONEOS_DEPLOYMENT_TARGET = 16.2;
				MTL_ENABLE_DEBUG_INFO = NO;
				MTL_FAST_MATH = YES;
				SDKROOT = iphoneos;
				SWIFT_COMPILATION_MODE = wholemodule;
				SWIFT_OPTIMIZATION_LEVEL = "-O";
				VALIDATE_PRODUCT = YES;
			};
			name = Release;
		};
		EA19EAFB29CCA5700005F4C0 /* Debug */ = {
			isa = XCBuildConfiguration;
			buildSettings = {
				ASSETCATALOG_COMPILER_APPICON_NAME = AppIcon;
				ASSETCATALOG_COMPILER_GLOBAL_ACCENT_COLOR_NAME = AccentColor;
				CODE_SIGN_STYLE = Automatic;
				CURRENT_PROJECT_VERSION = 1;
				GENERATE_INFOPLIST_FILE = YES;
				INFOPLIST_FILE = PokemonApp/Info.plist;
				INFOPLIST_KEY_UIApplicationSupportsIndirectInputEvents = YES;
				INFOPLIST_KEY_UILaunchStoryboardName = LaunchScreen;
				INFOPLIST_KEY_UISupportedInterfaceOrientations_iPad = "UIInterfaceOrientationPortrait UIInterfaceOrientationPortraitUpsideDown UIInterfaceOrientationLandscapeLeft UIInterfaceOrientationLandscapeRight";
				INFOPLIST_KEY_UISupportedInterfaceOrientations_iPhone = "UIInterfaceOrientationPortrait UIInterfaceOrientationLandscapeLeft UIInterfaceOrientationLandscapeRight";
				LD_RUNPATH_SEARCH_PATHS = (
					"$(inherited)",
					"@executable_path/Frameworks",
				);
				MARKETING_VERSION = 1.0;
				PRODUCT_BUNDLE_IDENTIFIER = ceviz.PokemonApp;
				PRODUCT_NAME = "$(TARGET_NAME)";
				SWIFT_EMIT_LOC_STRINGS = YES;
				SWIFT_VERSION = 5.0;
				TARGETED_DEVICE_FAMILY = "1,2";
			};
			name = Debug;
		};
		EA19EAFC29CCA5700005F4C0 /* Release */ = {
			isa = XCBuildConfiguration;
			buildSettings = {
				ASSETCATALOG_COMPILER_APPICON_NAME = AppIcon;
				ASSETCATALOG_COMPILER_GLOBAL_ACCENT_COLOR_NAME = AccentColor;
				CODE_SIGN_STYLE = Automatic;
				CURRENT_PROJECT_VERSION = 1;
				GENERATE_INFOPLIST_FILE = YES;
				INFOPLIST_FILE = PokemonApp/Info.plist;
				INFOPLIST_KEY_UIApplicationSupportsIndirectInputEvents = YES;
				INFOPLIST_KEY_UILaunchStoryboardName = LaunchScreen;
				INFOPLIST_KEY_UISupportedInterfaceOrientations_iPad = "UIInterfaceOrientationPortrait UIInterfaceOrientationPortraitUpsideDown UIInterfaceOrientationLandscapeLeft UIInterfaceOrientationLandscapeRight";
				INFOPLIST_KEY_UISupportedInterfaceOrientations_iPhone = "UIInterfaceOrientationPortrait UIInterfaceOrientationLandscapeLeft UIInterfaceOrientationLandscapeRight";
				LD_RUNPATH_SEARCH_PATHS = (
					"$(inherited)",
					"@executable_path/Frameworks",
				);
				MARKETING_VERSION = 1.0;
				PRODUCT_BUNDLE_IDENTIFIER = ceviz.PokemonApp;
				PRODUCT_NAME = "$(TARGET_NAME)";
				SWIFT_EMIT_LOC_STRINGS = YES;
				SWIFT_VERSION = 5.0;
				TARGETED_DEVICE_FAMILY = "1,2";
			};
			name = Release;
		};
/* End XCBuildConfiguration section */

/* Begin XCConfigurationList section */
		EA19EAE129CCA56E0005F4C0 /* Build configuration list for PBXProject "PokemonApp" */ = {
			isa = XCConfigurationList;
			buildConfigurations = (
				EA19EAF829CCA5700005F4C0 /* Debug */,
				EA19EAF929CCA5700005F4C0 /* Release */,
			);
			defaultConfigurationIsVisible = 0;
			defaultConfigurationName = Release;
		};
		EA19EAFA29CCA5700005F4C0 /* Build configuration list for PBXNativeTarget "PokemonApp" */ = {
			isa = XCConfigurationList;
			buildConfigurations = (
				EA19EAFB29CCA5700005F4C0 /* Debug */,
				EA19EAFC29CCA5700005F4C0 /* Release */,
			);
			defaultConfigurationIsVisible = 0;
			defaultConfigurationName = Release;
		};
/* End XCConfigurationList section */
	};
	rootObject = EA19EADE29CCA56E0005F4C0 /* Project object */;
}
